
Microsoft Visual Studio Solution File, Format Version 12.00
# Visual Studio Version 17
VisualStudioVersion = 17.14.36705.20 d17.14
MinimumVisualStudioVersion = 10.0.40219.1
Project("{888888A0-9F3D-457C-B088-3A5042F75D52}") = "binary python test", "binary python test.pyproj", "{46F55F05-B869-47B0-88D6-8B8140553811}"
EndProject
Global
	GlobalSection(SolutionConfigurationPlatforms) = preSolution
		Debug|Any CPU = Debug|Any CPU
		Release|Any CPU = Release|Any CPU
	EndGlobalSection
	GlobalSection(ProjectConfigurationPlatforms) = postSolution
		{46F55F05-B869-47B0-88D6-8B8140553811}.Debug|Any CPU.ActiveCfg = Debug|Any CPU
		{46F55F05-B869-47B0-88D6-8B8140553811}.Release|Any CPU.ActiveCfg = Release|Any CPU
	EndGlobalSection
	GlobalSection(SolutionProperties) = preSolution
		HideSolutionNode = FALSE
	EndGlobalSection
	GlobalSection(ExtensibilityGlobals) = postSolution
		SolutionGuid = {F376BE75-B2F1-4E09-9AAA-B38C03D99461}
	EndGlobalSection
EndGlobal
